
Microsoft Visual Studio Solution File, Format Version 12.00
# Visual Studio 2013
VisualStudioVersion = 12.0.31101.0
MinimumVisualStudioVersion = 10.0.40219.1
Project("{FAE04EC0-301F-11D3-BF4B-00C04F79EFBC}") = "Leap", "Leap\Leap.csproj", "{3D48BBFC-6852-4726-B274-F4C6AE4C5818}"
EndProject
Project("{2150E333-8FDC-42A3-9474-1A3956D46DE8}") = ".nuget", ".nuget", "{6F32FD27-00AA-4496-9CB2-B14A9D6096C3}"
	ProjectSection(SolutionItems) = preProject
		.nuget\packages.config = .nuget\packages.config
	EndProjectSection
EndProject
Global
	GlobalSection(SolutionConfigurationPlatforms) = preSolution
		Debug|Any CPU = Debug|Any CPU
		Release|Any CPU = Release|Any CPU
	EndGlobalSection
	GlobalSection(ProjectConfigurationPlatforms) = postSolution
		{3D48BBFC-6852-4726-B274-F4C6AE4C5818}.Debug|Any CPU.ActiveCfg = Debug|Any CPU
		{3D48BBFC-6852-4726-B274-F4C6AE4C5818}.Debug|Any CPU.Build.0 = Debug|Any CPU
		{3D48BBFC-6852-4726-B274-F4C6AE4C5818}.Release|Any CPU.ActiveCfg = Release|Any CPU
		{3D48BBFC-6852-4726-B274-F4C6AE4C5818}.Release|Any CPU.Build.0 = Release|Any CPU
	EndGlobalSection
	GlobalSection(SolutionProperties) = preSolution
		HideSolutionNode = FALSE
	EndGlobalSection
EndGlobal
